
Microsoft Visual Studio Solution File, Format Version 12.00
# Visual Studio Version 17
VisualStudioVersion = 17.5.2.0
MinimumVisualStudioVersion = 10.0.40219.1
Project("{FAE04EC0-301F-11D3-BF4B-00C04F79EFBC}") = "ClassesHerança", "ClassesHerança.csproj", "{57E48288-F6BA-C89B-A465-C01AD2DB1308}"
EndProject
Global
	GlobalSection(SolutionConfigurationPlatforms) = preSolution
		Debug|Any CPU = Debug|Any CPU
		Release|Any CPU = Release|Any CPU
	EndGlobalSection
	GlobalSection(ProjectConfigurationPlatforms) = postSolution
		{57E48288-F6BA-C89B-A465-C01AD2DB1308}.Debug|Any CPU.ActiveCfg = Debug|Any CPU
		{57E48288-F6BA-C89B-A465-C01AD2DB1308}.Debug|Any CPU.Build.0 = Debug|Any CPU
		{57E48288-F6BA-C89B-A465-C01AD2DB1308}.Release|Any CPU.ActiveCfg = Release|Any CPU
		{57E48288-F6BA-C89B-A465-C01AD2DB1308}.Release|Any CPU.Build.0 = Release|Any CPU
	EndGlobalSection
	GlobalSection(SolutionProperties) = preSolution
		HideSolutionNode = FALSE
	EndGlobalSection
	GlobalSection(ExtensibilityGlobals) = postSolution
		SolutionGuid = {53820199-E86C-4EC8-8CCE-437FA183DD6F}
	EndGlobalSection
EndGlobal
